
Microsoft Visual Studio Solution File, Format Version 12.00
# Visual Studio Version 17
VisualStudioVersion = 17.1.32414.318
MinimumVisualStudioVersion = 10.0.40219.1
Project("{FAE04EC0-301F-11D3-BF4B-00C04F79EFBC}") = "Directory", "Directory\Directory.csproj", "{37E9F452-37BD-40D7-B459-D8518DEBA774}"
EndProject
Global
	GlobalSection(SolutionConfigurationPlatforms) = preSolution
		Debug|Any CPU = Debug|Any CPU
		Release|Any CPU = Release|Any CPU
	EndGlobalSection
	GlobalSection(ProjectConfigurationPlatforms) = postSolution
		{37E9F452-37BD-40D7-B459-D8518DEBA774}.Debug|Any CPU.ActiveCfg = Debug|Any CPU
		{37E9F452-37BD-40D7-B459-D8518DEBA774}.Debug|Any CPU.Build.0 = Debug|Any CPU
		{37E9F452-37BD-40D7-B459-D8518DEBA774}.Release|Any CPU.ActiveCfg = Release|Any CPU
		{37E9F452-37BD-40D7-B459-D8518DEBA774}.Release|Any CPU.Build.0 = Release|Any CPU
	EndGlobalSection
	GlobalSection(SolutionProperties) = preSolution
		HideSolutionNode = FALSE
	EndGlobalSection
	GlobalSection(ExtensibilityGlobals) = postSolution
		SolutionGuid = {5ADECC68-3C89-4ADD-BA6D-5EBC4DE9CE82}
	EndGlobalSection
EndGlobal
